
Microsoft Visual Studio Solution File, Format Version 12.00
# Visual Studio Version 16
VisualStudioVersion = 16.0.30907.101
MinimumVisualStudioVersion = 10.0.40219.1
Project("{FAE04EC0-301F-11D3-BF4B-00C04F79EFBC}") = "Taller_1_Nodos", "Taller_1_Nodos\Taller_1_Nodos.csproj", "{3E19EE2B-9C7A-4CF1-A40F-61FEF300DF20}"
EndProject
Global
	GlobalSection(SolutionConfigurationPlatforms) = preSolution
		Debug|Any CPU = Debug|Any CPU
		Release|Any CPU = Release|Any CPU
	EndGlobalSection
	GlobalSection(ProjectConfigurationPlatforms) = postSolution
		{3E19EE2B-9C7A-4CF1-A40F-61FEF300DF20}.Debug|Any CPU.ActiveCfg = Debug|Any CPU
		{3E19EE2B-9C7A-4CF1-A40F-61FEF300DF20}.Debug|Any CPU.Build.0 = Debug|Any CPU
		{3E19EE2B-9C7A-4CF1-A40F-61FEF300DF20}.Release|Any CPU.ActiveCfg = Release|Any CPU
		{3E19EE2B-9C7A-4CF1-A40F-61FEF300DF20}.Release|Any CPU.Build.0 = Release|Any CPU
	EndGlobalSection
	GlobalSection(SolutionProperties) = preSolution
		HideSolutionNode = FALSE
	EndGlobalSection
	GlobalSection(ExtensibilityGlobals) = postSolution
		SolutionGuid = {B26A3950-3682-4D39-AFE2-B26B78829207}
	EndGlobalSection
EndGlobal
